
Microsoft Visual Studio Solution File, Format Version 12.00
# Visual Studio 15
Project("{FAE04EC0-301F-11D3-BF4B-00C04F79EFBC}") = "Assembly-CSharp", "Assembly-CSharp.csproj", "{E7415E02-5F30-D1DA-09D1-2456B1F12A7E}"
EndProject
Project("{FAE04EC0-301F-11D3-BF4B-00C04F79EFBC}") = "Assembly-CSharp-Editor", "Assembly-CSharp-Editor.csproj", "{10D1970B-0846-4FE0-4B99-63DF45B0E1A9}"
EndProject
Global
	GlobalSection(SolutionConfigurationPlatforms) = preSolution
		Debug|Any CPU = Debug|Any CPU
		Release|Any CPU = Release|Any CPU
	EndGlobalSection
	GlobalSection(ProjectConfigurationPlatforms) = postSolution
		{E7415E02-5F30-D1DA-09D1-2456B1F12A7E}.Debug|Any CPU.ActiveCfg = Debug|Any CPU
		{E7415E02-5F30-D1DA-09D1-2456B1F12A7E}.Debug|Any CPU.Build.0 = Debug|Any CPU
		{E7415E02-5F30-D1DA-09D1-2456B1F12A7E}.Release|Any CPU.ActiveCfg = Release|Any CPU
		{E7415E02-5F30-D1DA-09D1-2456B1F12A7E}.Release|Any CPU.Build.0 = Release|Any CPU
		{10D1970B-0846-4FE0-4B99-63DF45B0E1A9}.Debug|Any CPU.ActiveCfg = Debug|Any CPU
		{10D1970B-0846-4FE0-4B99-63DF45B0E1A9}.Debug|Any CPU.Build.0 = Debug|Any CPU
		{10D1970B-0846-4FE0-4B99-63DF45B0E1A9}.Release|Any CPU.ActiveCfg = Release|Any CPU
		{10D1970B-0846-4FE0-4B99-63DF45B0E1A9}.Release|Any CPU.Build.0 = Release|Any CPU
	EndGlobalSection
	GlobalSection(SolutionProperties) = preSolution
		HideSolutionNode = FALSE
	EndGlobalSection
EndGlobal
